{
	"name": "dcl-project",
	"version": "1.0.0",
	"lockfileVersion": 2,
	"requires": true,
	"packages": {
		"": {
			"name": "dcl-project",
			"version": "1.0.0",
			"dependencies": {
				"@dcl/sdk": "https://sdk-team-cdn.decentraland.org/@dcl/js-sdk-toolchain/branch/fix/deep-readonly/dcl-sdk-7.0.0-2964312248.commit-4e5ef72.tgz",
				"decentraland-ecs": "^6.11.6"
			}
		},
		"node_modules/@dcl/amd": {
			"version": "6.11.6",
			"resolved": "https://registry.npmjs.org/@dcl/amd/-/amd-6.11.6.tgz",
			"integrity": "sha512-ZwBZBTCnmWYxFM/QP8UTVzxMryd11Wz53xxZD/+etBivbPaADocHb3UDWtI6IBL/6RfkmN078HEVRNTI/CxanA=="
		},
		"node_modules/@dcl/build-ecs": {
			"version": "6.11.6",
			"resolved": "https://registry.npmjs.org/@dcl/build-ecs/-/build-ecs-6.11.6.tgz",
			"integrity": "sha512-TDlQZX1Ep0jvKafWiYpVmJUZ2myJ0XC4CCSKdcyTh7F2knt2o8tiFxYuVHXuS3pi/ZxhYRhxoJ77z7KQYA70tg==",
			"dependencies": {
				"terser": "^5.15.0",
				"typescript": "^4.8.2"
			},
			"bin": {
				"build-ecs": "index.js"
			}
		},
		"node_modules/@dcl/kernel": {
			"version": "1.0.0-2962066080.commit-0d7454e",
			"resolved": "https://registry.npmjs.org/@dcl/kernel/-/kernel-1.0.0-2962066080.commit-0d7454e.tgz",
			"integrity": "sha512-/LO4e5gDoJpk6LjxLYK50CPDMGZ6LuWJ+bx6UPL3wgOl4Cli33q2wkBRihV0lceQDmFiLWNA/As790f/91jWgA=="
		},
		"node_modules/@dcl/posix": {
			"version": "1.0.4",
			"resolved": "https://registry.npmjs.org/@dcl/posix/-/posix-1.0.4.tgz",
			"integrity": "sha512-Z0zpNr2HAxn2cLWUadWGlzaG48Z+N3hg2bI20UH+OT8NJtvCJnAwVBshAG83iAn4BTC+CsUsk4A394jrlv2ZIQ=="
		},
		"node_modules/@dcl/schemas": {
			"version": "4.8.0",
			"resolved": "https://registry.npmjs.org/@dcl/schemas/-/schemas-4.8.0.tgz",
			"integrity": "sha512-NLvu90JSAunwA6vVYfVcdvlwO2x5fTc2tPhsko5kFfBEIp7lCzwSy6DoSlee/t92Uw9zIyNIS9Ai3ewLQ0T4zQ==",
			"dependencies": {
				"ajv": "^7.1.0"
			}
		},
		"node_modules/@dcl/sdk": {
			"version": "7.0.0-2964312248.commit-4e5ef72",
			"resolved": "https://sdk-team-cdn.decentraland.org/@dcl/js-sdk-toolchain/branch/fix/deep-readonly/dcl-sdk-7.0.0-2964312248.commit-4e5ef72.tgz",
			"integrity": "sha512-r7IVvwcesagSTTg+xK/DLueZUY9l83YLqdFz3Sb9rbc9XAALuF0lrl32Hv9K5PnyMvZBQLl3CBbsO1fog5DMEA==",
			"license": "Apache-2.0",
			"dependencies": {
				"@dcl/amd": "https://sdk-team-cdn.decentraland.org/@dcl/js-sdk-toolchain/branch/fix/deep-readonly/@dcl/amd/dcl-amd-6.11.5-2964312248.commit-4e5ef72.tgz",
				"@dcl/build-ecs": "https://sdk-team-cdn.decentraland.org/@dcl/js-sdk-toolchain/branch/fix/deep-readonly/@dcl/build-ecs/dcl-build-ecs-6.11.5-2964312248.commit-4e5ef72.tgz",
				"@dcl/kernel": "1.0.0-2638443584.commit-696a74b",
				"@dcl/posix": "^1.0.4",
				"@dcl/schemas": "4.8.0",
				"@dcl/unity-renderer": "^1.0.40531-20220621125654.commit-472137e",
				"glob": "^7.1.7",
				"http-proxy-middleware": "^2.0.3",
				"ignore": "^5.1.8"
			}
		},
		"node_modules/@dcl/sdk/node_modules/@dcl/amd": {
			"version": "6.11.5-2964312248.commit-4e5ef72",
			"resolved": "https://sdk-team-cdn.decentraland.org/@dcl/js-sdk-toolchain/branch/fix/deep-readonly/@dcl/amd/dcl-amd-6.11.5-2964312248.commit-4e5ef72.tgz",
			"integrity": "sha512-Rkq1keRgZa8fWVFLXx8LJCADHFFenIiAFHa/JVjE3Uw445jX9JrpcHQZndLG1ae019cJkX/UVgsCZJAU+8ihCA==",
			"license": "MIT"
		},
		"node_modules/@dcl/sdk/node_modules/@dcl/build-ecs": {
			"version": "6.11.5-2964312248.commit-4e5ef72",
			"resolved": "https://sdk-team-cdn.decentraland.org/@dcl/js-sdk-toolchain/branch/fix/deep-readonly/@dcl/build-ecs/dcl-build-ecs-6.11.5-2964312248.commit-4e5ef72.tgz",
			"integrity": "sha512-KsppTZFULkqKsEz5nKvnixKLWo/UXRbQZ4Hc7v/GbR38kYU/MtiHXckKSvdKZ16dQJQ85eBobVHc1YVb0vPRoA==",
			"license": "Apache 2.0",
			"dependencies": {
				"terser": "^5.7.2",
				"typescript": "^4.4.2"
			},
			"bin": {
				"build-ecs": "index.js"
			}
		},
		"node_modules/@dcl/sdk/node_modules/@dcl/kernel": {
			"version": "1.0.0-2638443584.commit-696a74b",
			"resolved": "https://registry.npmjs.org/@dcl/kernel/-/kernel-1.0.0-2638443584.commit-696a74b.tgz",
			"integrity": "sha512-wjJgHSFo255Xx1atwA2nmhMc3e377gfxnIaCTO7iHpwxLYnHYnpgUDwp80d61/RUdGQ3ga6MZN/3dXlnLqQsDA=="
		},
		"node_modules/@dcl/sdk/node_modules/@dcl/unity-renderer": {
			"version": "1.0.40531-20220621125654.commit-472137e",
			"resolved": "https://registry.npmjs.org/@dcl/unity-renderer/-/unity-renderer-1.0.40531-20220621125654.commit-472137e.tgz",
			"integrity": "sha512-m8GOV5co4iAVLADov1uxxGEclXakZM9T6oMcrWww48b6PWOZnUfi2DANpyzlPNuoUxniQAUyPM1D5iaN2BWbEw=="
		},
		"node_modules/@dcl/unity-renderer": {
			"version": "1.0.51685-20220831135256.commit-e5429a6",
			"resolved": "https://registry.npmjs.org/@dcl/unity-renderer/-/unity-renderer-1.0.51685-20220831135256.commit-e5429a6.tgz",
			"integrity": "sha512-+1juT+Dy3iz/3l+yHh06DKru/K3Nbt5j8e6ryuKVdr2mIMfjeLYKKg055V2IrEUZ7Z49LRAfpo1R8HiVOGxZOQ=="
		},
		"node_modules/@jridgewell/gen-mapping": {
			"version": "0.3.2",
			"resolved": "https://registry.npmjs.org/@jridgewell/gen-mapping/-/gen-mapping-0.3.2.tgz",
			"integrity": "sha512-mh65xKQAzI6iBcFzwv28KVWSmCkdRBWoOh+bYQGW3+6OZvbbN3TqMGo5hqYxQniRcH9F2VZIoJCm4pa3BPDK/A==",
			"dependencies": {
				"@jridgewell/set-array": "^1.0.1",
				"@jridgewell/sourcemap-codec": "^1.4.10",
				"@jridgewell/trace-mapping": "^0.3.9"
			},
			"engines": {
				"node": ">=6.0.0"
			}
		},
		"node_modules/@jridgewell/resolve-uri": {
			"version": "3.1.0",
			"resolved": "https://registry.npmjs.org/@jridgewell/resolve-uri/-/resolve-uri-3.1.0.tgz",
			"integrity": "sha512-F2msla3tad+Mfht5cJq7LSXcdudKTWCVYUgw6pLFOOHSTtZlj6SWNYAp+AhuqLmWdBO2X5hPrLcu8cVP8fy28w==",
			"engines": {
				"node": ">=6.0.0"
			}
		},
		"node_modules/@jridgewell/set-array": {
			"version": "1.1.2",
			"resolved": "https://registry.npmjs.org/@jridgewell/set-array/-/set-array-1.1.2.tgz",
			"integrity": "sha512-xnkseuNADM0gt2bs+BvhO0p78Mk762YnZdsuzFV018NoG1Sj1SCQvpSqa7XUaTam5vAGasABV9qXASMKnFMwMw==",
			"engines": {
				"node": ">=6.0.0"
			}
		},
		"node_modules/@jridgewell/source-map": {
			"version": "0.3.2",
			"resolved": "https://registry.npmjs.org/@jridgewell/source-map/-/source-map-0.3.2.tgz",
			"integrity": "sha512-m7O9o2uR8k2ObDysZYzdfhb08VuEml5oWGiosa1VdaPZ/A6QyPkAJuwN0Q1lhULOf6B7MtQmHENS743hWtCrgw==",
			"dependencies": {
				"@jridgewell/gen-mapping": "^0.3.0",
				"@jridgewell/trace-mapping": "^0.3.9"
			}
		},
		"node_modules/@jridgewell/sourcemap-codec": {
			"version": "1.4.14",
			"resolved": "https://registry.npmjs.org/@jridgewell/sourcemap-codec/-/sourcemap-codec-1.4.14.tgz",
			"integrity": "sha512-XPSJHWmi394fuUuzDnGz1wiKqWfo1yXecHQMRf2l6hztTO+nPru658AyDngaBe7isIxEkRsPR3FZh+s7iVa4Uw=="
		},
		"node_modules/@jridgewell/trace-mapping": {
			"version": "0.3.15",
			"resolved": "https://registry.npmjs.org/@jridgewell/trace-mapping/-/trace-mapping-0.3.15.tgz",
			"integrity": "sha512-oWZNOULl+UbhsgB51uuZzglikfIKSUBO/M9W2OfEjn7cmqoAiCgmv9lyACTUacZwBz0ITnJ2NqjU8Tx0DHL88g==",
			"dependencies": {
				"@jridgewell/resolve-uri": "^3.0.3",
				"@jridgewell/sourcemap-codec": "^1.4.10"
			}
		},
		"node_modules/@types/http-proxy": {
			"version": "1.17.9",
			"resolved": "https://registry.npmjs.org/@types/http-proxy/-/http-proxy-1.17.9.tgz",
			"integrity": "sha512-QsbSjA/fSk7xB+UXlCT3wHBy5ai9wOcNDWwZAtud+jXhwOM3l+EYZh8Lng4+/6n8uar0J7xILzqftJdJ/Wdfkw==",
			"dependencies": {
				"@types/node": "*"
			}
		},
		"node_modules/@types/node": {
			"version": "18.7.13",
			"resolved": "https://registry.npmjs.org/@types/node/-/node-18.7.13.tgz",
			"integrity": "sha512-46yIhxSe5xEaJZXWdIBP7GU4HDTG8/eo0qd9atdiL+lFpA03y8KS+lkTN834TWJj5767GbWv4n/P6efyTFt1Dw=="
		},
		"node_modules/acorn": {
			"version": "8.8.0",
			"resolved": "https://registry.npmjs.org/acorn/-/acorn-8.8.0.tgz",
			"integrity": "sha512-QOxyigPVrpZ2GXT+PFyZTl6TtOFc5egxHIP9IlQ+RbupQuX4RkT/Bee4/kQuC02Xkzg84JcT7oLYtDIQxp+v7w==",
			"bin": {
				"acorn": "bin/acorn"
			},
			"engines": {
				"node": ">=0.4.0"
			}
		},
		"node_modules/ajv": {
			"version": "7.2.4",
			"resolved": "https://registry.npmjs.org/ajv/-/ajv-7.2.4.tgz",
			"integrity": "sha512-nBeQgg/ZZA3u3SYxyaDvpvDtgZ/EZPF547ARgZBrG9Bhu1vKDwAIjtIf+sDtJUKa2zOcEbmRLBRSyMraS/Oy1A==",
			"dependencies": {
				"fast-deep-equal": "^3.1.1",
				"json-schema-traverse": "^1.0.0",
				"require-from-string": "^2.0.2",
				"uri-js": "^4.2.2"
			},
			"funding": {
				"type": "github",
				"url": "https://github.com/sponsors/epoberezkin"
			}
		},
		"node_modules/balanced-match": {
			"version": "1.0.2",
			"resolved": "https://registry.npmjs.org/balanced-match/-/balanced-match-1.0.2.tgz",
			"integrity": "sha512-3oSeUO0TMV67hN1AmbXsK4yaqU7tjiHlbxRDZOpH0KW9+CeX4bRAaX0Anxt0tx2MrpRpWwQaPwIlISEJhYU5Pw=="
		},
		"node_modules/brace-expansion": {
			"version": "1.1.11",
			"resolved": "https://registry.npmjs.org/brace-expansion/-/brace-expansion-1.1.11.tgz",
			"integrity": "sha512-iCuPHDFgrHX7H2vEI/5xpz07zSHB00TpugqhmYtVmMO6518mCuRMoOYFldEBl0g187ufozdaHgWKcYFb61qGiA==",
			"dependencies": {
				"balanced-match": "^1.0.0",
				"concat-map": "0.0.1"
			}
		},
		"node_modules/braces": {
			"version": "3.0.2",
			"resolved": "https://registry.npmjs.org/braces/-/braces-3.0.2.tgz",
			"integrity": "sha512-b8um+L1RzM3WDSzvhm6gIz1yfTbBt6YTlcEKAvsmqCZZFw46z626lVj9j1yEPW33H5H+lBQpZMP1k8l+78Ha0A==",
			"dependencies": {
				"fill-range": "^7.0.1"
			},
			"engines": {
				"node": ">=8"
			}
		},
		"node_modules/buffer-from": {
			"version": "1.1.2",
			"resolved": "https://registry.npmjs.org/buffer-from/-/buffer-from-1.1.2.tgz",
			"integrity": "sha512-E+XQCRwSbaaiChtv6k6Dwgc+bx+Bs6vuKJHHl5kox/BaKbhiXzqQOwK4cO22yElGp2OCmjwVhT3HmxgyPGnJfQ=="
		},
		"node_modules/commander": {
			"version": "2.20.3",
			"resolved": "https://registry.npmjs.org/commander/-/commander-2.20.3.tgz",
			"integrity": "sha512-GpVkmM8vF2vQUkj2LvZmD35JxeJOLCwJ9cUkugyk2nuhbv3+mJvpLYYt+0+USMxE+oj+ey/lJEnhZw75x/OMcQ=="
		},
		"node_modules/concat-map": {
			"version": "0.0.1",
			"resolved": "https://registry.npmjs.org/concat-map/-/concat-map-0.0.1.tgz",
			"integrity": "sha512-/Srv4dswyQNBfohGpz9o6Yb3Gz3SrUDqBH5rTuhGR7ahtlbYKnVxw2bCFMRljaA7EXHaXZ8wsHdodFvbkhKmqg=="
		},
		"node_modules/decentraland-ecs": {
			"version": "6.11.6",
			"resolved": "https://registry.npmjs.org/decentraland-ecs/-/decentraland-ecs-6.11.6.tgz",
			"integrity": "sha512-coTYZoVNEWGEAL4wIFrFkKV2uiJWsJMXpY+3mIeZaeSGsfOdfW7hVkwzwQbqGRQtxMIsp5Xh7hbdyovpt03G1w==",
			"dependencies": {
				"@dcl/amd": "6.11.6",
				"@dcl/build-ecs": "6.11.6",
				"@dcl/kernel": "1.0.0-2962066080.commit-0d7454e",
				"@dcl/posix": "^1.0.4",
				"@dcl/schemas": "^5.14.0",
				"@dcl/unity-renderer": "1.0.51685-20220831135256.commit-e5429a6",
				"glob": "^7.1.7",
				"http-proxy-middleware": "^2.0.3",
				"ignore": "^5.1.8"
			}
		},
		"node_modules/decentraland-ecs/node_modules/@dcl/schemas": {
			"version": "5.14.0",
			"resolved": "https://registry.npmjs.org/@dcl/schemas/-/schemas-5.14.0.tgz",
			"integrity": "sha512-UKIny4sxoYpKwRItM7mEzFyM7+R2kwqV8PB7DBo30PCkoFBL3N6b85K/hGk9qd+ZNTioFy6ceL8y7bKeASWUHw==",
			"dependencies": {
				"ajv": "^8.11.0",
				"ajv-errors": "^3.0.0",
				"ajv-keywords": "^5.1.0"
			}
		},
		"node_modules/decentraland-ecs/node_modules/ajv": {
			"version": "8.11.0",
			"resolved": "https://registry.npmjs.org/ajv/-/ajv-8.11.0.tgz",
			"integrity": "sha512-wGgprdCvMalC0BztXvitD2hC04YffAvtsUn93JbGXYLAtCUO4xd17mCCZQxUOItiBwZvJScWo8NIvQMQ71rdpg==",
			"dependencies": {
				"fast-deep-equal": "^3.1.1",
				"json-schema-traverse": "^1.0.0",
				"require-from-string": "^2.0.2",
				"uri-js": "^4.2.2"
			},
			"funding": {
				"type": "github",
				"url": "https://github.com/sponsors/epoberezkin"
			}
		},
		"node_modules/decentraland-ecs/node_modules/ajv-errors": {
			"version": "3.0.0",
			"resolved": "https://registry.npmjs.org/ajv-errors/-/ajv-errors-3.0.0.tgz",
			"integrity": "sha512-V3wD15YHfHz6y0KdhYFjyy9vWtEVALT9UrxfN3zqlI6dMioHnJrqOYfyPKol3oqrnCM9uwkcdCwkJ0WUcbLMTQ==",
			"peerDependencies": {
				"ajv": "^8.0.1"
			}
		},
		"node_modules/decentraland-ecs/node_modules/ajv-keywords": {
			"version": "5.1.0",
			"resolved": "https://registry.npmjs.org/ajv-keywords/-/ajv-keywords-5.1.0.tgz",
			"integrity": "sha512-YCS/JNFAUyr5vAuhk1DWm1CBxRHW9LbJ2ozWeemrIqpbsqKjHVxYPyi5GC0rjZIT5JxJ3virVTS8wk4i/Z+krw==",
			"dependencies": {
				"fast-deep-equal": "^3.1.3"
			},
			"peerDependencies": {
				"ajv": "^8.8.2"
			}
		},
		"node_modules/eventemitter3": {
			"version": "4.0.7",
			"resolved": "https://registry.npmjs.org/eventemitter3/-/eventemitter3-4.0.7.tgz",
			"integrity": "sha512-8guHBZCwKnFhYdHr2ysuRWErTwhoN2X8XELRlrRwpmfeY2jjuUN4taQMsULKUVo1K4DvZl+0pgfyoysHxvmvEw=="
		},
		"node_modules/fast-deep-equal": {
			"version": "3.1.3",
			"resolved": "https://registry.npmjs.org/fast-deep-equal/-/fast-deep-equal-3.1.3.tgz",
			"integrity": "sha512-f3qQ9oQy9j2AhBe/H9VC91wLmKBCCU/gDOnKNAYG5hswO7BLKj09Hc5HYNz9cGI++xlpDCIgDaitVs03ATR84Q=="
		},
		"node_modules/fill-range": {
			"version": "7.0.1",
			"resolved": "https://registry.npmjs.org/fill-range/-/fill-range-7.0.1.tgz",
			"integrity": "sha512-qOo9F+dMUmC2Lcb4BbVvnKJxTPjCm+RRpe4gDuGrzkL7mEVl/djYSu2OdQ2Pa302N4oqkSg9ir6jaLWJ2USVpQ==",
			"dependencies": {
				"to-regex-range": "^5.0.1"
			},
			"engines": {
				"node": ">=8"
			}
		},
		"node_modules/follow-redirects": {
			"version": "1.15.1",
			"resolved": "https://registry.npmjs.org/follow-redirects/-/follow-redirects-1.15.1.tgz",
			"integrity": "sha512-yLAMQs+k0b2m7cVxpS1VKJVvoz7SS9Td1zss3XRwXj+ZDH00RJgnuLx7E44wx02kQLrdM3aOOy+FpzS7+8OizA==",
			"funding": [
				{
					"type": "individual",
					"url": "https://github.com/sponsors/RubenVerborgh"
				}
			],
			"engines": {
				"node": ">=4.0"
			},
			"peerDependenciesMeta": {
				"debug": {
					"optional": true
				}
			}
		},
		"node_modules/fs.realpath": {
			"version": "1.0.0",
			"resolved": "https://registry.npmjs.org/fs.realpath/-/fs.realpath-1.0.0.tgz",
			"integrity": "sha512-OO0pH2lK6a0hZnAdau5ItzHPI6pUlvI7jMVnxUQRtw4owF2wk8lOSabtGDCTP4Ggrg2MbGnWO9X8K1t4+fGMDw=="
		},
		"node_modules/glob": {
			"version": "7.2.3",
			"resolved": "https://registry.npmjs.org/glob/-/glob-7.2.3.tgz",
			"integrity": "sha512-nFR0zLpU2YCaRxwoCJvL6UvCH2JFyFVIvwTLsIf21AuHlMskA1hhTdk+LlYJtOlYt9v6dvszD2BGRqBL+iQK9Q==",
			"dependencies": {
				"fs.realpath": "^1.0.0",
				"inflight": "^1.0.4",
				"inherits": "2",
				"minimatch": "^3.1.1",
				"once": "^1.3.0",
				"path-is-absolute": "^1.0.0"
			},
			"engines": {
				"node": "*"
			},
			"funding": {
				"url": "https://github.com/sponsors/isaacs"
			}
		},
		"node_modules/http-proxy": {
			"version": "1.18.1",
			"resolved": "https://registry.npmjs.org/http-proxy/-/http-proxy-1.18.1.tgz",
			"integrity": "sha512-7mz/721AbnJwIVbnaSv1Cz3Am0ZLT/UBwkC92VlxhXv/k/BBQfM2fXElQNC27BVGr0uwUpplYPQM9LnaBMR5NQ==",
			"dependencies": {
				"eventemitter3": "^4.0.0",
				"follow-redirects": "^1.0.0",
				"requires-port": "^1.0.0"
			},
			"engines": {
				"node": ">=8.0.0"
			}
		},
		"node_modules/http-proxy-middleware": {
			"version": "2.0.6",
			"resolved": "https://registry.npmjs.org/http-proxy-middleware/-/http-proxy-middleware-2.0.6.tgz",
			"integrity": "sha512-ya/UeJ6HVBYxrgYotAZo1KvPWlgB48kUJLDePFeneHsVujFaW5WNj2NgWCAE//B1Dl02BIfYlpNgBy8Kf8Rjmw==",
			"dependencies": {
				"@types/http-proxy": "^1.17.8",
				"http-proxy": "^1.18.1",
				"is-glob": "^4.0.1",
				"is-plain-obj": "^3.0.0",
				"micromatch": "^4.0.2"
			},
			"engines": {
				"node": ">=12.0.0"
			},
			"peerDependencies": {
				"@types/express": "^4.17.13"
			},
			"peerDependenciesMeta": {
				"@types/express": {
					"optional": true
				}
			}
		},
		"node_modules/ignore": {
			"version": "5.2.0",
			"resolved": "https://registry.npmjs.org/ignore/-/ignore-5.2.0.tgz",
			"integrity": "sha512-CmxgYGiEPCLhfLnpPp1MoRmifwEIOgjcHXxOBjv7mY96c+eWScsOP9c112ZyLdWHi0FxHjI+4uVhKYp/gcdRmQ==",
			"engines": {
				"node": ">= 4"
			}
		},
		"node_modules/inflight": {
			"version": "1.0.6",
			"resolved": "https://registry.npmjs.org/inflight/-/inflight-1.0.6.tgz",
			"integrity": "sha512-k92I/b08q4wvFscXCLvqfsHCrjrF7yiXsQuIVvVE7N82W3+aqpzuUdBbfhWcy/FZR3/4IgflMgKLOsvPDrGCJA==",
			"dependencies": {
				"once": "^1.3.0",
				"wrappy": "1"
			}
		},
		"node_modules/inherits": {
			"version": "2.0.4",
			"resolved": "https://registry.npmjs.org/inherits/-/inherits-2.0.4.tgz",
			"integrity": "sha512-k/vGaX4/Yla3WzyMCvTQOXYeIHvqOKtnqBduzTHpzpQZzAskKMhZ2K+EnBiSM9zGSoIFeMpXKxa4dYeZIQqewQ=="
		},
		"node_modules/is-extglob": {
			"version": "2.1.1",
			"resolved": "https://registry.npmjs.org/is-extglob/-/is-extglob-2.1.1.tgz",
			"integrity": "sha512-SbKbANkN603Vi4jEZv49LeVJMn4yGwsbzZworEoyEiutsN3nJYdbO36zfhGJ6QEDpOZIFkDtnq5JRxmvl3jsoQ==",
			"engines": {
				"node": ">=0.10.0"
			}
		},
		"node_modules/is-glob": {
			"version": "4.0.3",
			"resolved": "https://registry.npmjs.org/is-glob/-/is-glob-4.0.3.tgz",
			"integrity": "sha512-xelSayHH36ZgE7ZWhli7pW34hNbNl8Ojv5KVmkJD4hBdD3th8Tfk9vYasLM+mXWOZhFkgZfxhLSnrwRr4elSSg==",
			"dependencies": {
				"is-extglob": "^2.1.1"
			},
			"engines": {
				"node": ">=0.10.0"
			}
		},
		"node_modules/is-number": {
			"version": "7.0.0",
			"resolved": "https://registry.npmjs.org/is-number/-/is-number-7.0.0.tgz",
			"integrity": "sha512-41Cifkg6e8TylSpdtTpeLVMqvSBEVzTttHvERD741+pnZ8ANv0004MRL43QKPDlK9cGvNp6NZWZUBlbGXYxxng==",
			"engines": {
				"node": ">=0.12.0"
			}
		},
		"node_modules/is-plain-obj": {
			"version": "3.0.0",
			"resolved": "https://registry.npmjs.org/is-plain-obj/-/is-plain-obj-3.0.0.tgz",
			"integrity": "sha512-gwsOE28k+23GP1B6vFl1oVh/WOzmawBrKwo5Ev6wMKzPkaXaCDIQKzLnvsA42DRlbVTWorkgTKIviAKCWkfUwA==",
			"engines": {
				"node": ">=10"
			},
			"funding": {
				"url": "https://github.com/sponsors/sindresorhus"
			}
		},
		"node_modules/json-schema-traverse": {
			"version": "1.0.0",
			"resolved": "https://registry.npmjs.org/json-schema-traverse/-/json-schema-traverse-1.0.0.tgz",
			"integrity": "sha512-NM8/P9n3XjXhIZn1lLhkFaACTOURQXjWhV4BA/RnOv8xvgqtqpAX9IO4mRQxSx1Rlo4tqzeqb0sOlruaOy3dug=="
		},
		"node_modules/micromatch": {
			"version": "4.0.5",
			"resolved": "https://registry.npmjs.org/micromatch/-/micromatch-4.0.5.tgz",
			"integrity": "sha512-DMy+ERcEW2q8Z2Po+WNXuw3c5YaUSFjAO5GsJqfEl7UjvtIuFKO6ZrKvcItdy98dwFI2N1tg3zNIdKaQT+aNdA==",
			"dependencies": {
				"braces": "^3.0.2",
				"picomatch": "^2.3.1"
			},
			"engines": {
				"node": ">=8.6"
			}
		},
		"node_modules/minimatch": {
			"version": "3.1.2",
			"resolved": "https://registry.npmjs.org/minimatch/-/minimatch-3.1.2.tgz",
			"integrity": "sha512-J7p63hRiAjw1NDEww1W7i37+ByIrOWO5XQQAzZ3VOcL0PNybwpfmV/N05zFAzwQ9USyEcX6t3UO+K5aqBQOIHw==",
			"dependencies": {
				"brace-expansion": "^1.1.7"
			},
			"engines": {
				"node": "*"
			}
		},
		"node_modules/once": {
			"version": "1.4.0",
			"resolved": "https://registry.npmjs.org/once/-/once-1.4.0.tgz",
			"integrity": "sha512-lNaJgI+2Q5URQBkccEKHTQOPaXdUxnZZElQTZY0MFUAuaEqe1E+Nyvgdz/aIyNi6Z9MzO5dv1H8n58/GELp3+w==",
			"dependencies": {
				"wrappy": "1"
			}
		},
		"node_modules/path-is-absolute": {
			"version": "1.0.1",
			"resolved": "https://registry.npmjs.org/path-is-absolute/-/path-is-absolute-1.0.1.tgz",
			"integrity": "sha512-AVbw3UJ2e9bq64vSaS9Am0fje1Pa8pbGqTTsmXfaIiMpnr5DlDhfJOuLj9Sf95ZPVDAUerDfEk88MPmPe7UCQg==",
			"engines": {
				"node": ">=0.10.0"
			}
		},
		"node_modules/picomatch": {
			"version": "2.3.1",
			"resolved": "https://registry.npmjs.org/picomatch/-/picomatch-2.3.1.tgz",
			"integrity": "sha512-JU3teHTNjmE2VCGFzuY8EXzCDVwEqB2a8fsIvwaStHhAWJEeVd1o1QD80CU6+ZdEXXSLbSsuLwJjkCBWqRQUVA==",
			"engines": {
				"node": ">=8.6"
			},
			"funding": {
				"url": "https://github.com/sponsors/jonschlinkert"
			}
		},
		"node_modules/punycode": {
			"version": "2.1.1",
			"resolved": "https://registry.npmjs.org/punycode/-/punycode-2.1.1.tgz",
			"integrity": "sha512-XRsRjdf+j5ml+y/6GKHPZbrF/8p2Yga0JPtdqTIY2Xe5ohJPD9saDJJLPvp9+NSBprVvevdXZybnj2cv8OEd0A==",
			"engines": {
				"node": ">=6"
			}
		},
		"node_modules/require-from-string": {
			"version": "2.0.2",
			"resolved": "https://registry.npmjs.org/require-from-string/-/require-from-string-2.0.2.tgz",
			"integrity": "sha512-Xf0nWe6RseziFMu+Ap9biiUbmplq6S9/p+7w7YXP/JBHhrUDDUhwa+vANyubuqfZWTveU//DYVGsDG7RKL/vEw==",
			"engines": {
				"node": ">=0.10.0"
			}
		},
		"node_modules/requires-port": {
			"version": "1.0.0",
			"resolved": "https://registry.npmjs.org/requires-port/-/requires-port-1.0.0.tgz",
			"integrity": "sha512-KigOCHcocU3XODJxsu8i/j8T9tzT4adHiecwORRQ0ZZFcp7ahwXuRU1m+yuO90C5ZUyGeGfocHDI14M3L3yDAQ=="
		},
		"node_modules/source-map": {
			"version": "0.6.1",
			"resolved": "https://registry.npmjs.org/source-map/-/source-map-0.6.1.tgz",
			"integrity": "sha512-UjgapumWlbMhkBgzT7Ykc5YXUT46F0iKu8SGXq0bcwP5dz/h0Plj6enJqjz1Zbq2l5WaqYnrVbwWOWMyF3F47g==",
			"engines": {
				"node": ">=0.10.0"
			}
		},
		"node_modules/source-map-support": {
			"version": "0.5.21",
			"resolved": "https://registry.npmjs.org/source-map-support/-/source-map-support-0.5.21.tgz",
			"integrity": "sha512-uBHU3L3czsIyYXKX88fdrGovxdSCoTGDRZ6SYXtSRxLZUzHg5P/66Ht6uoUlHu9EZod+inXhKo3qQgwXUT/y1w==",
			"dependencies": {
				"buffer-from": "^1.0.0",
				"source-map": "^0.6.0"
			}
		},
		"node_modules/terser": {
			"version": "5.15.0",
			"resolved": "https://registry.npmjs.org/terser/-/terser-5.15.0.tgz",
			"integrity": "sha512-L1BJiXVmheAQQy+as0oF3Pwtlo4s3Wi1X2zNZ2NxOB4wx9bdS9Vk67XQENLFdLYGCK/Z2di53mTj/hBafR+dTA==",
			"dependencies": {
				"@jridgewell/source-map": "^0.3.2",
				"acorn": "^8.5.0",
				"commander": "^2.20.0",
				"source-map-support": "~0.5.20"
			},
			"bin": {
				"terser": "bin/terser"
			},
			"engines": {
				"node": ">=10"
			}
		},
		"node_modules/to-regex-range": {
			"version": "5.0.1",
			"resolved": "https://registry.npmjs.org/to-regex-range/-/to-regex-range-5.0.1.tgz",
			"integrity": "sha512-65P7iz6X5yEr1cwcgvQxbbIw7Uk3gOy5dIdtZ4rDveLqhrdJP+Li/Hx6tyK0NEb+2GCyneCMJiGqrADCSNk8sQ==",
			"dependencies": {
				"is-number": "^7.0.0"
			},
			"engines": {
				"node": ">=8.0"
			}
		},
		"node_modules/typescript": {
			"version": "4.8.2",
			"resolved": "https://registry.npmjs.org/typescript/-/typescript-4.8.2.tgz",
			"integrity": "sha512-C0I1UsrrDHo2fYI5oaCGbSejwX4ch+9Y5jTQELvovfmFkK3HHSZJB8MSJcWLmCUBzQBchCrZ9rMRV6GuNrvGtw==",
			"bin": {
				"tsc": "bin/tsc",
				"tsserver": "bin/tsserver"
			},
			"engines": {
				"node": ">=4.2.0"
			}
		},
		"node_modules/uri-js": {
			"version": "4.4.1",
			"resolved": "https://registry.npmjs.org/uri-js/-/uri-js-4.4.1.tgz",
			"integrity": "sha512-7rKUyy33Q1yc98pQ1DAmLtwX109F7TIfWlW1Ydo8Wl1ii1SeHieeh0HHfPeL2fMXK6z0s8ecKs9frCuLJvndBg==",
			"dependencies": {
				"punycode": "^2.1.0"
			}
		},
		"node_modules/wrappy": {
			"version": "1.0.2",
			"resolved": "https://registry.npmjs.org/wrappy/-/wrappy-1.0.2.tgz",
			"integrity": "sha512-l4Sp/DRseor9wL6EvV2+TuQn63dMkPjZ/sp9XkghTEbV9KlPS1xUsZ3u7/IQO4wxtcFB4bgpQPRcR3QCvezPcQ=="
		}
	},
	"dependencies": {
		"@dcl/amd": {
			"version": "6.11.6",
			"resolved": "https://registry.npmjs.org/@dcl/amd/-/amd-6.11.6.tgz",
			"integrity": "sha512-ZwBZBTCnmWYxFM/QP8UTVzxMryd11Wz53xxZD/+etBivbPaADocHb3UDWtI6IBL/6RfkmN078HEVRNTI/CxanA=="
		},
		"@dcl/build-ecs": {
			"version": "6.11.6",
			"resolved": "https://registry.npmjs.org/@dcl/build-ecs/-/build-ecs-6.11.6.tgz",
			"integrity": "sha512-TDlQZX1Ep0jvKafWiYpVmJUZ2myJ0XC4CCSKdcyTh7F2knt2o8tiFxYuVHXuS3pi/ZxhYRhxoJ77z7KQYA70tg==",
			"requires": {
				"terser": "^5.15.0",
				"typescript": "^4.8.2"
			}
		},
		"@dcl/kernel": {
			"version": "1.0.0-2962066080.commit-0d7454e",
			"resolved": "https://registry.npmjs.org/@dcl/kernel/-/kernel-1.0.0-2962066080.commit-0d7454e.tgz",
			"integrity": "sha512-/LO4e5gDoJpk6LjxLYK50CPDMGZ6LuWJ+bx6UPL3wgOl4Cli33q2wkBRihV0lceQDmFiLWNA/As790f/91jWgA=="
		},
		"@dcl/posix": {
			"version": "1.0.4",
			"resolved": "https://registry.npmjs.org/@dcl/posix/-/posix-1.0.4.tgz",
			"integrity": "sha512-Z0zpNr2HAxn2cLWUadWGlzaG48Z+N3hg2bI20UH+OT8NJtvCJnAwVBshAG83iAn4BTC+CsUsk4A394jrlv2ZIQ=="
		},
		"@dcl/schemas": {
			"version": "4.8.0",
			"resolved": "https://registry.npmjs.org/@dcl/schemas/-/schemas-4.8.0.tgz",
			"integrity": "sha512-NLvu90JSAunwA6vVYfVcdvlwO2x5fTc2tPhsko5kFfBEIp7lCzwSy6DoSlee/t92Uw9zIyNIS9Ai3ewLQ0T4zQ==",
			"requires": {
				"ajv": "^7.1.0"
			}
		},
		"@dcl/sdk": {
			"version": "https://sdk-team-cdn.decentraland.org/@dcl/js-sdk-toolchain/branch/fix/deep-readonly/dcl-sdk-7.0.0-2964312248.commit-4e5ef72.tgz",
			"integrity": "sha512-r7IVvwcesagSTTg+xK/DLueZUY9l83YLqdFz3Sb9rbc9XAALuF0lrl32Hv9K5PnyMvZBQLl3CBbsO1fog5DMEA==",
			"requires": {
				"@dcl/amd": "https://sdk-team-cdn.decentraland.org/@dcl/js-sdk-toolchain/branch/fix/deep-readonly/@dcl/amd/dcl-amd-6.11.5-2964312248.commit-4e5ef72.tgz",
				"@dcl/build-ecs": "https://sdk-team-cdn.decentraland.org/@dcl/js-sdk-toolchain/branch/fix/deep-readonly/@dcl/build-ecs/dcl-build-ecs-6.11.5-2964312248.commit-4e5ef72.tgz",
				"@dcl/kernel": "1.0.0-2638443584.commit-696a74b",
				"@dcl/posix": "^1.0.4",
				"@dcl/schemas": "4.8.0",
				"@dcl/unity-renderer": "^1.0.40531-20220621125654.commit-472137e",
				"glob": "^7.1.7",
				"http-proxy-middleware": "^2.0.3",
				"ignore": "^5.1.8"
			},
			"dependencies": {
				"@dcl/amd": {
					"version": "https://sdk-team-cdn.decentraland.org/@dcl/js-sdk-toolchain/branch/fix/deep-readonly/@dcl/amd/dcl-amd-6.11.5-2964312248.commit-4e5ef72.tgz",
					"integrity": "sha512-Rkq1keRgZa8fWVFLXx8LJCADHFFenIiAFHa/JVjE3Uw445jX9JrpcHQZndLG1ae019cJkX/UVgsCZJAU+8ihCA=="
				},
				"@dcl/build-ecs": {
					"version": "https://sdk-team-cdn.decentraland.org/@dcl/js-sdk-toolchain/branch/fix/deep-readonly/@dcl/build-ecs/dcl-build-ecs-6.11.5-2964312248.commit-4e5ef72.tgz",
					"integrity": "sha512-KsppTZFULkqKsEz5nKvnixKLWo/UXRbQZ4Hc7v/GbR38kYU/MtiHXckKSvdKZ16dQJQ85eBobVHc1YVb0vPRoA==",
					"requires": {
						"terser": "^5.7.2",
						"typescript": "^4.4.2"
					}
				},
				"@dcl/kernel": {
					"version": "1.0.0-2638443584.commit-696a74b",
					"resolved": "https://registry.npmjs.org/@dcl/kernel/-/kernel-1.0.0-2638443584.commit-696a74b.tgz",
					"integrity": "sha512-wjJgHSFo255Xx1atwA2nmhMc3e377gfxnIaCTO7iHpwxLYnHYnpgUDwp80d61/RUdGQ3ga6MZN/3dXlnLqQsDA=="
				},
				"@dcl/unity-renderer": {
					"version": "1.0.40531-20220621125654.commit-472137e",
					"resolved": "https://registry.npmjs.org/@dcl/unity-renderer/-/unity-renderer-1.0.40531-20220621125654.commit-472137e.tgz",
					"integrity": "sha512-m8GOV5co4iAVLADov1uxxGEclXakZM9T6oMcrWww48b6PWOZnUfi2DANpyzlPNuoUxniQAUyPM1D5iaN2BWbEw=="
				}
			}
		},
		"@dcl/unity-renderer": {
			"version": "1.0.51685-20220831135256.commit-e5429a6",
			"resolved": "https://registry.npmjs.org/@dcl/unity-renderer/-/unity-renderer-1.0.51685-20220831135256.commit-e5429a6.tgz",
			"integrity": "sha512-+1juT+Dy3iz/3l+yHh06DKru/K3Nbt5j8e6ryuKVdr2mIMfjeLYKKg055V2IrEUZ7Z49LRAfpo1R8HiVOGxZOQ=="
		},
		"@jridgewell/gen-mapping": {
			"version": "0.3.2",
			"resolved": "https://registry.npmjs.org/@jridgewell/gen-mapping/-/gen-mapping-0.3.2.tgz",
			"integrity": "sha512-mh65xKQAzI6iBcFzwv28KVWSmCkdRBWoOh+bYQGW3+6OZvbbN3TqMGo5hqYxQniRcH9F2VZIoJCm4pa3BPDK/A==",
			"requires": {
				"@jridgewell/set-array": "^1.0.1",
				"@jridgewell/sourcemap-codec": "^1.4.10",
				"@jridgewell/trace-mapping": "^0.3.9"
			}
		},
		"@jridgewell/resolve-uri": {
			"version": "3.1.0",
			"resolved": "https://registry.npmjs.org/@jridgewell/resolve-uri/-/resolve-uri-3.1.0.tgz",
			"integrity": "sha512-F2msla3tad+Mfht5cJq7LSXcdudKTWCVYUgw6pLFOOHSTtZlj6SWNYAp+AhuqLmWdBO2X5hPrLcu8cVP8fy28w=="
		},
		"@jridgewell/set-array": {
			"version": "1.1.2",
			"resolved": "https://registry.npmjs.org/@jridgewell/set-array/-/set-array-1.1.2.tgz",
			"integrity": "sha512-xnkseuNADM0gt2bs+BvhO0p78Mk762YnZdsuzFV018NoG1Sj1SCQvpSqa7XUaTam5vAGasABV9qXASMKnFMwMw=="
		},
		"@jridgewell/source-map": {
			"version": "0.3.2",
			"resolved": "https://registry.npmjs.org/@jridgewell/source-map/-/source-map-0.3.2.tgz",
			"integrity": "sha512-m7O9o2uR8k2ObDysZYzdfhb08VuEml5oWGiosa1VdaPZ/A6QyPkAJuwN0Q1lhULOf6B7MtQmHENS743hWtCrgw==",
			"requires": {
				"@jridgewell/gen-mapping": "^0.3.0",
				"@jridgewell/trace-mapping": "^0.3.9"
			}
		},
		"@jridgewell/sourcemap-codec": {
			"version": "1.4.14",
			"resolved": "https://registry.npmjs.org/@jridgewell/sourcemap-codec/-/sourcemap-codec-1.4.14.tgz",
			"integrity": "sha512-XPSJHWmi394fuUuzDnGz1wiKqWfo1yXecHQMRf2l6hztTO+nPru658AyDngaBe7isIxEkRsPR3FZh+s7iVa4Uw=="
		},
		"@jridgewell/trace-mapping": {
			"version": "0.3.15",
			"resolved": "https://registry.npmjs.org/@jridgewell/trace-mapping/-/trace-mapping-0.3.15.tgz",
			"integrity": "sha512-oWZNOULl+UbhsgB51uuZzglikfIKSUBO/M9W2OfEjn7cmqoAiCgmv9lyACTUacZwBz0ITnJ2NqjU8Tx0DHL88g==",
			"requires": {
				"@jridgewell/resolve-uri": "^3.0.3",
				"@jridgewell/sourcemap-codec": "^1.4.10"
			}
		},
		"@types/http-proxy": {
			"version": "1.17.9",
			"resolved": "https://registry.npmjs.org/@types/http-proxy/-/http-proxy-1.17.9.tgz",
			"integrity": "sha512-QsbSjA/fSk7xB+UXlCT3wHBy5ai9wOcNDWwZAtud+jXhwOM3l+EYZh8Lng4+/6n8uar0J7xILzqftJdJ/Wdfkw==",
			"requires": {
				"@types/node": "*"
			}
		},
		"@types/node": {
			"version": "18.7.13",
			"resolved": "https://registry.npmjs.org/@types/node/-/node-18.7.13.tgz",
			"integrity": "sha512-46yIhxSe5xEaJZXWdIBP7GU4HDTG8/eo0qd9atdiL+lFpA03y8KS+lkTN834TWJj5767GbWv4n/P6efyTFt1Dw=="
		},
		"acorn": {
			"version": "8.8.0",
			"resolved": "https://registry.npmjs.org/acorn/-/acorn-8.8.0.tgz",
			"integrity": "sha512-QOxyigPVrpZ2GXT+PFyZTl6TtOFc5egxHIP9IlQ+RbupQuX4RkT/Bee4/kQuC02Xkzg84JcT7oLYtDIQxp+v7w=="
		},
		"ajv": {
			"version": "7.2.4",
			"resolved": "https://registry.npmjs.org/ajv/-/ajv-7.2.4.tgz",
			"integrity": "sha512-nBeQgg/ZZA3u3SYxyaDvpvDtgZ/EZPF547ARgZBrG9Bhu1vKDwAIjtIf+sDtJUKa2zOcEbmRLBRSyMraS/Oy1A==",
			"requires": {
				"fast-deep-equal": "^3.1.1",
				"json-schema-traverse": "^1.0.0",
				"require-from-string": "^2.0.2",
				"uri-js": "^4.2.2"
			}
		},
		"balanced-match": {
			"version": "1.0.2",
			"resolved": "https://registry.npmjs.org/balanced-match/-/balanced-match-1.0.2.tgz",
			"integrity": "sha512-3oSeUO0TMV67hN1AmbXsK4yaqU7tjiHlbxRDZOpH0KW9+CeX4bRAaX0Anxt0tx2MrpRpWwQaPwIlISEJhYU5Pw=="
		},
		"brace-expansion": {
			"version": "1.1.11",
			"resolved": "https://registry.npmjs.org/brace-expansion/-/brace-expansion-1.1.11.tgz",
			"integrity": "sha512-iCuPHDFgrHX7H2vEI/5xpz07zSHB00TpugqhmYtVmMO6518mCuRMoOYFldEBl0g187ufozdaHgWKcYFb61qGiA==",
			"requires": {
				"balanced-match": "^1.0.0",
				"concat-map": "0.0.1"
			}
		},
		"braces": {
			"version": "3.0.2",
			"resolved": "https://registry.npmjs.org/braces/-/braces-3.0.2.tgz",
			"integrity": "sha512-b8um+L1RzM3WDSzvhm6gIz1yfTbBt6YTlcEKAvsmqCZZFw46z626lVj9j1yEPW33H5H+lBQpZMP1k8l+78Ha0A==",
			"requires": {
				"fill-range": "^7.0.1"
			}
		},
		"buffer-from": {
			"version": "1.1.2",
			"resolved": "https://registry.npmjs.org/buffer-from/-/buffer-from-1.1.2.tgz",
			"integrity": "sha512-E+XQCRwSbaaiChtv6k6Dwgc+bx+Bs6vuKJHHl5kox/BaKbhiXzqQOwK4cO22yElGp2OCmjwVhT3HmxgyPGnJfQ=="
		},
		"commander": {
			"version": "2.20.3",
			"resolved": "https://registry.npmjs.org/commander/-/commander-2.20.3.tgz",
			"integrity": "sha512-GpVkmM8vF2vQUkj2LvZmD35JxeJOLCwJ9cUkugyk2nuhbv3+mJvpLYYt+0+USMxE+oj+ey/lJEnhZw75x/OMcQ=="
		},
		"concat-map": {
			"version": "0.0.1",
			"resolved": "https://registry.npmjs.org/concat-map/-/concat-map-0.0.1.tgz",
			"integrity": "sha512-/Srv4dswyQNBfohGpz9o6Yb3Gz3SrUDqBH5rTuhGR7ahtlbYKnVxw2bCFMRljaA7EXHaXZ8wsHdodFvbkhKmqg=="
		},
		"decentraland-ecs": {
			"version": "6.11.6",
			"resolved": "https://registry.npmjs.org/decentraland-ecs/-/decentraland-ecs-6.11.6.tgz",
			"integrity": "sha512-coTYZoVNEWGEAL4wIFrFkKV2uiJWsJMXpY+3mIeZaeSGsfOdfW7hVkwzwQbqGRQtxMIsp5Xh7hbdyovpt03G1w==",
			"requires": {
				"@dcl/amd": "6.11.6",
				"@dcl/build-ecs": "6.11.6",
				"@dcl/kernel": "1.0.0-2962066080.commit-0d7454e",
				"@dcl/posix": "^1.0.4",
				"@dcl/schemas": "^5.14.0",
				"@dcl/unity-renderer": "1.0.51685-20220831135256.commit-e5429a6",
				"glob": "^7.1.7",
				"http-proxy-middleware": "^2.0.3",
				"ignore": "^5.1.8"
			},
			"dependencies": {
				"@dcl/schemas": {
					"version": "5.14.0",
					"resolved": "https://registry.npmjs.org/@dcl/schemas/-/schemas-5.14.0.tgz",
					"integrity": "sha512-UKIny4sxoYpKwRItM7mEzFyM7+R2kwqV8PB7DBo30PCkoFBL3N6b85K/hGk9qd+ZNTioFy6ceL8y7bKeASWUHw==",
					"requires": {
						"ajv": "^8.11.0",
						"ajv-errors": "^3.0.0",
						"ajv-keywords": "^5.1.0"
					}
				},
				"ajv": {
					"version": "8.11.0",
					"resolved": "https://registry.npmjs.org/ajv/-/ajv-8.11.0.tgz",
					"integrity": "sha512-wGgprdCvMalC0BztXvitD2hC04YffAvtsUn93JbGXYLAtCUO4xd17mCCZQxUOItiBwZvJScWo8NIvQMQ71rdpg==",
					"requires": {
						"fast-deep-equal": "^3.1.1",
						"json-schema-traverse": "^1.0.0",
						"require-from-string": "^2.0.2",
						"uri-js": "^4.2.2"
					}
				},
				"ajv-errors": {
					"version": "3.0.0",
					"resolved": "https://registry.npmjs.org/ajv-errors/-/ajv-errors-3.0.0.tgz",
					"integrity": "sha512-V3wD15YHfHz6y0KdhYFjyy9vWtEVALT9UrxfN3zqlI6dMioHnJrqOYfyPKol3oqrnCM9uwkcdCwkJ0WUcbLMTQ==",
					"requires": {}
				},
				"ajv-keywords": {
					"version": "5.1.0",
					"resolved": "https://registry.npmjs.org/ajv-keywords/-/ajv-keywords-5.1.0.tgz",
					"integrity": "sha512-YCS/JNFAUyr5vAuhk1DWm1CBxRHW9LbJ2ozWeemrIqpbsqKjHVxYPyi5GC0rjZIT5JxJ3virVTS8wk4i/Z+krw==",
					"requires": {
						"fast-deep-equal": "^3.1.3"
					}
				}
			}
		},
		"eventemitter3": {
			"version": "4.0.7",
			"resolved": "https://registry.npmjs.org/eventemitter3/-/eventemitter3-4.0.7.tgz",
			"integrity": "sha512-8guHBZCwKnFhYdHr2ysuRWErTwhoN2X8XELRlrRwpmfeY2jjuUN4taQMsULKUVo1K4DvZl+0pgfyoysHxvmvEw=="
		},
		"fast-deep-equal": {
			"version": "3.1.3",
			"resolved": "https://registry.npmjs.org/fast-deep-equal/-/fast-deep-equal-3.1.3.tgz",
			"integrity": "sha512-f3qQ9oQy9j2AhBe/H9VC91wLmKBCCU/gDOnKNAYG5hswO7BLKj09Hc5HYNz9cGI++xlpDCIgDaitVs03ATR84Q=="
		},
		"fill-range": {
			"version": "7.0.1",
			"resolved": "https://registry.npmjs.org/fill-range/-/fill-range-7.0.1.tgz",
			"integrity": "sha512-qOo9F+dMUmC2Lcb4BbVvnKJxTPjCm+RRpe4gDuGrzkL7mEVl/djYSu2OdQ2Pa302N4oqkSg9ir6jaLWJ2USVpQ==",
			"requires": {
				"to-regex-range": "^5.0.1"
			}
		},
		"follow-redirects": {
			"version": "1.15.1",
			"resolved": "https://registry.npmjs.org/follow-redirects/-/follow-redirects-1.15.1.tgz",
			"integrity": "sha512-yLAMQs+k0b2m7cVxpS1VKJVvoz7SS9Td1zss3XRwXj+ZDH00RJgnuLx7E44wx02kQLrdM3aOOy+FpzS7+8OizA=="
		},
		"fs.realpath": {
			"version": "1.0.0",
			"resolved": "https://registry.npmjs.org/fs.realpath/-/fs.realpath-1.0.0.tgz",
			"integrity": "sha512-OO0pH2lK6a0hZnAdau5ItzHPI6pUlvI7jMVnxUQRtw4owF2wk8lOSabtGDCTP4Ggrg2MbGnWO9X8K1t4+fGMDw=="
		},
		"glob": {
			"version": "7.2.3",
			"resolved": "https://registry.npmjs.org/glob/-/glob-7.2.3.tgz",
			"integrity": "sha512-nFR0zLpU2YCaRxwoCJvL6UvCH2JFyFVIvwTLsIf21AuHlMskA1hhTdk+LlYJtOlYt9v6dvszD2BGRqBL+iQK9Q==",
			"requires": {
				"fs.realpath": "^1.0.0",
				"inflight": "^1.0.4",
				"inherits": "2",
				"minimatch": "^3.1.1",
				"once": "^1.3.0",
				"path-is-absolute": "^1.0.0"
			}
		},
		"http-proxy": {
			"version": "1.18.1",
			"resolved": "https://registry.npmjs.org/http-proxy/-/http-proxy-1.18.1.tgz",
			"integrity": "sha512-7mz/721AbnJwIVbnaSv1Cz3Am0ZLT/UBwkC92VlxhXv/k/BBQfM2fXElQNC27BVGr0uwUpplYPQM9LnaBMR5NQ==",
			"requires": {
				"eventemitter3": "^4.0.0",
				"follow-redirects": "^1.0.0",
				"requires-port": "^1.0.0"
			}
		},
		"http-proxy-middleware": {
			"version": "2.0.6",
			"resolved": "https://registry.npmjs.org/http-proxy-middleware/-/http-proxy-middleware-2.0.6.tgz",
			"integrity": "sha512-ya/UeJ6HVBYxrgYotAZo1KvPWlgB48kUJLDePFeneHsVujFaW5WNj2NgWCAE//B1Dl02BIfYlpNgBy8Kf8Rjmw==",
			"requires": {
				"@types/http-proxy": "^1.17.8",
				"http-proxy": "^1.18.1",
				"is-glob": "^4.0.1",
				"is-plain-obj": "^3.0.0",
				"micromatch": "^4.0.2"
			}
		},
		"ignore": {
			"version": "5.2.0",
			"resolved": "https://registry.npmjs.org/ignore/-/ignore-5.2.0.tgz",
			"integrity": "sha512-CmxgYGiEPCLhfLnpPp1MoRmifwEIOgjcHXxOBjv7mY96c+eWScsOP9c112ZyLdWHi0FxHjI+4uVhKYp/gcdRmQ=="
		},
		"inflight": {
			"version": "1.0.6",
			"resolved": "https://registry.npmjs.org/inflight/-/inflight-1.0.6.tgz",
			"integrity": "sha512-k92I/b08q4wvFscXCLvqfsHCrjrF7yiXsQuIVvVE7N82W3+aqpzuUdBbfhWcy/FZR3/4IgflMgKLOsvPDrGCJA==",
			"requires": {
				"once": "^1.3.0",
				"wrappy": "1"
			}
		},
		"inherits": {
			"version": "2.0.4",
			"resolved": "https://registry.npmjs.org/inherits/-/inherits-2.0.4.tgz",
			"integrity": "sha512-k/vGaX4/Yla3WzyMCvTQOXYeIHvqOKtnqBduzTHpzpQZzAskKMhZ2K+EnBiSM9zGSoIFeMpXKxa4dYeZIQqewQ=="
		},
		"is-extglob": {
			"version": "2.1.1",
			"resolved": "https://registry.npmjs.org/is-extglob/-/is-extglob-2.1.1.tgz",
			"integrity": "sha512-SbKbANkN603Vi4jEZv49LeVJMn4yGwsbzZworEoyEiutsN3nJYdbO36zfhGJ6QEDpOZIFkDtnq5JRxmvl3jsoQ=="
		},
		"is-glob": {
			"version": "4.0.3",
			"resolved": "https://registry.npmjs.org/is-glob/-/is-glob-4.0.3.tgz",
			"integrity": "sha512-xelSayHH36ZgE7ZWhli7pW34hNbNl8Ojv5KVmkJD4hBdD3th8Tfk9vYasLM+mXWOZhFkgZfxhLSnrwRr4elSSg==",
			"requires": {
				"is-extglob": "^2.1.1"
			}
		},
		"is-number": {
			"version": "7.0.0",
			"resolved": "https://registry.npmjs.org/is-number/-/is-number-7.0.0.tgz",
			"integrity": "sha512-41Cifkg6e8TylSpdtTpeLVMqvSBEVzTttHvERD741+pnZ8ANv0004MRL43QKPDlK9cGvNp6NZWZUBlbGXYxxng=="
		},
		"is-plain-obj": {
			"version": "3.0.0",
			"resolved": "https://registry.npmjs.org/is-plain-obj/-/is-plain-obj-3.0.0.tgz",
			"integrity": "sha512-gwsOE28k+23GP1B6vFl1oVh/WOzmawBrKwo5Ev6wMKzPkaXaCDIQKzLnvsA42DRlbVTWorkgTKIviAKCWkfUwA=="
		},
		"json-schema-traverse": {
			"version": "1.0.0",
			"resolved": "https://registry.npmjs.org/json-schema-traverse/-/json-schema-traverse-1.0.0.tgz",
			"integrity": "sha512-NM8/P9n3XjXhIZn1lLhkFaACTOURQXjWhV4BA/RnOv8xvgqtqpAX9IO4mRQxSx1Rlo4tqzeqb0sOlruaOy3dug=="
		},
		"micromatch": {
			"version": "4.0.5",
			"resolved": "https://registry.npmjs.org/micromatch/-/micromatch-4.0.5.tgz",
			"integrity": "sha512-DMy+ERcEW2q8Z2Po+WNXuw3c5YaUSFjAO5GsJqfEl7UjvtIuFKO6ZrKvcItdy98dwFI2N1tg3zNIdKaQT+aNdA==",
			"requires": {
				"braces": "^3.0.2",
				"picomatch": "^2.3.1"
			}
		},
		"minimatch": {
			"version": "3.1.2",
			"resolved": "https://registry.npmjs.org/minimatch/-/minimatch-3.1.2.tgz",
			"integrity": "sha512-J7p63hRiAjw1NDEww1W7i37+ByIrOWO5XQQAzZ3VOcL0PNybwpfmV/N05zFAzwQ9USyEcX6t3UO+K5aqBQOIHw==",
			"requires": {
				"brace-expansion": "^1.1.7"
			}
		},
		"once": {
			"version": "1.4.0",
			"resolved": "https://registry.npmjs.org/once/-/once-1.4.0.tgz",
			"integrity": "sha512-lNaJgI+2Q5URQBkccEKHTQOPaXdUxnZZElQTZY0MFUAuaEqe1E+Nyvgdz/aIyNi6Z9MzO5dv1H8n58/GELp3+w==",
			"requires": {
				"wrappy": "1"
			}
		},
		"path-is-absolute": {
			"version": "1.0.1",
			"resolved": "https://registry.npmjs.org/path-is-absolute/-/path-is-absolute-1.0.1.tgz",
			"integrity": "sha512-AVbw3UJ2e9bq64vSaS9Am0fje1Pa8pbGqTTsmXfaIiMpnr5DlDhfJOuLj9Sf95ZPVDAUerDfEk88MPmPe7UCQg=="
		},
		"picomatch": {
			"version": "2.3.1",
			"resolved": "https://registry.npmjs.org/picomatch/-/picomatch-2.3.1.tgz",
			"integrity": "sha512-JU3teHTNjmE2VCGFzuY8EXzCDVwEqB2a8fsIvwaStHhAWJEeVd1o1QD80CU6+ZdEXXSLbSsuLwJjkCBWqRQUVA=="
		},
		"punycode": {
			"version": "2.1.1",
			"resolved": "https://registry.npmjs.org/punycode/-/punycode-2.1.1.tgz",
			"integrity": "sha512-XRsRjdf+j5ml+y/6GKHPZbrF/8p2Yga0JPtdqTIY2Xe5ohJPD9saDJJLPvp9+NSBprVvevdXZybnj2cv8OEd0A=="
		},
		"require-from-string": {
			"version": "2.0.2",
			"resolved": "https://registry.npmjs.org/require-from-string/-/require-from-string-2.0.2.tgz",
			"integrity": "sha512-Xf0nWe6RseziFMu+Ap9biiUbmplq6S9/p+7w7YXP/JBHhrUDDUhwa+vANyubuqfZWTveU//DYVGsDG7RKL/vEw=="
		},
		"requires-port": {
			"version": "1.0.0",
			"resolved": "https://registry.npmjs.org/requires-port/-/requires-port-1.0.0.tgz",
			"integrity": "sha512-KigOCHcocU3XODJxsu8i/j8T9tzT4adHiecwORRQ0ZZFcp7ahwXuRU1m+yuO90C5ZUyGeGfocHDI14M3L3yDAQ=="
		},
		"source-map": {
			"version": "0.6.1",
			"resolved": "https://registry.npmjs.org/source-map/-/source-map-0.6.1.tgz",
			"integrity": "sha512-UjgapumWlbMhkBgzT7Ykc5YXUT46F0iKu8SGXq0bcwP5dz/h0Plj6enJqjz1Zbq2l5WaqYnrVbwWOWMyF3F47g=="
		},
		"source-map-support": {
			"version": "0.5.21",
			"resolved": "https://registry.npmjs.org/source-map-support/-/source-map-support-0.5.21.tgz",
			"integrity": "sha512-uBHU3L3czsIyYXKX88fdrGovxdSCoTGDRZ6SYXtSRxLZUzHg5P/66Ht6uoUlHu9EZod+inXhKo3qQgwXUT/y1w==",
			"requires": {
				"buffer-from": "^1.0.0",
				"source-map": "^0.6.0"
			}
		},
		"terser": {
			"version": "5.15.0",
			"resolved": "https://registry.npmjs.org/terser/-/terser-5.15.0.tgz",
			"integrity": "sha512-L1BJiXVmheAQQy+as0oF3Pwtlo4s3Wi1X2zNZ2NxOB4wx9bdS9Vk67XQENLFdLYGCK/Z2di53mTj/hBafR+dTA==",
			"requires": {
				"@jridgewell/source-map": "^0.3.2",
				"acorn": "^8.5.0",
				"commander": "^2.20.0",
				"source-map-support": "~0.5.20"
			}
		},
		"to-regex-range": {
			"version": "5.0.1",
			"resolved": "https://registry.npmjs.org/to-regex-range/-/to-regex-range-5.0.1.tgz",
			"integrity": "sha512-65P7iz6X5yEr1cwcgvQxbbIw7Uk3gOy5dIdtZ4rDveLqhrdJP+Li/Hx6tyK0NEb+2GCyneCMJiGqrADCSNk8sQ==",
			"requires": {
				"is-number": "^7.0.0"
			}
		},
		"typescript": {
			"version": "4.8.2",
			"resolved": "https://registry.npmjs.org/typescript/-/typescript-4.8.2.tgz",
			"integrity": "sha512-C0I1UsrrDHo2fYI5oaCGbSejwX4ch+9Y5jTQELvovfmFkK3HHSZJB8MSJcWLmCUBzQBchCrZ9rMRV6GuNrvGtw=="
		},
		"uri-js": {
			"version": "4.4.1",
			"resolved": "https://registry.npmjs.org/uri-js/-/uri-js-4.4.1.tgz",
			"integrity": "sha512-7rKUyy33Q1yc98pQ1DAmLtwX109F7TIfWlW1Ydo8Wl1ii1SeHieeh0HHfPeL2fMXK6z0s8ecKs9frCuLJvndBg==",
			"requires": {
				"punycode": "^2.1.0"
			}
		},
		"wrappy": {
			"version": "1.0.2",
			"resolved": "https://registry.npmjs.org/wrappy/-/wrappy-1.0.2.tgz",
			"integrity": "sha512-l4Sp/DRseor9wL6EvV2+TuQn63dMkPjZ/sp9XkghTEbV9KlPS1xUsZ3u7/IQO4wxtcFB4bgpQPRcR3QCvezPcQ=="
		}
	}
}
